
Microsoft Visual Studio Solution File, Format Version 12.00
# Visual Studio Version 16
VisualStudioVersion = 16.0.31112.23
MinimumVisualStudioVersion = 10.0.40219.1
Project("{FAE04EC0-301F-11D3-BF4B-00C04F79EFBC}") = "BookStore", "BookStore\BookStore.csproj", "{1CEA00F9-905E-46A5-B324-6D191A83169C}"
EndProject
Global
	GlobalSection(SolutionConfigurationPlatforms) = preSolution
		Debug|Any CPU = Debug|Any CPU
		Release|Any CPU = Release|Any CPU
	EndGlobalSection
	GlobalSection(ProjectConfigurationPlatforms) = postSolution
		{1CEA00F9-905E-46A5-B324-6D191A83169C}.Debug|Any CPU.ActiveCfg = Debug|Any CPU
		{1CEA00F9-905E-46A5-B324-6D191A83169C}.Debug|Any CPU.Build.0 = Debug|Any CPU
		{1CEA00F9-905E-46A5-B324-6D191A83169C}.Release|Any CPU.ActiveCfg = Release|Any CPU
		{1CEA00F9-905E-46A5-B324-6D191A83169C}.Release|Any CPU.Build.0 = Release|Any CPU
	EndGlobalSection
	GlobalSection(SolutionProperties) = preSolution
		HideSolutionNode = FALSE
	EndGlobalSection
	GlobalSection(ExtensibilityGlobals) = postSolution
		SolutionGuid = {A9F0C0D3-B01F-4461-9C67-BBC97ECEB42C}
	EndGlobalSection
EndGlobal
